PODS:
  - FontAwesome.swift (1.4.3)
  - KeychainAccess (3.1.1)
  - Popover (1.2.0)
  - SVProgressHUD (2.2.5)

DEPENDENCIES:
  - FontAwesome.swift
  - KeychainAccess
  - Popover
  - SVProgressHUD

SPEC REPOS:
  https://github.com/cocoapods/specs.git:
    - FontAwesome.swift
    - KeychainAccess
    - Popover
    - SVProgressHUD

SPEC CHECKSUMS:
  FontAwesome.swift: 4b9ba1e1f3418a626f3ab67b230856ab6eb4860f
  KeychainAccess: 7bd430028059754a3debab3cfc0bd1fc7fb85df3
  Popover: 28c1ac8e937ab2b3965bd2da7dd18324357abc41
  SVProgressHUD: 1428aafac632c1f86f62aa4243ec12008d7a51d6

PODFILE CHECKSUM: 305a01dff3f78b7ab32bc731d2108c4dee972340

COCOAPODS: 1.5.3
