PODS:
  - FontAwesome.swift (1.4.6)

DEPENDENCIES:
  - FontAwesome.swift

SPEC REPOS:
  https://github.com/cocoapods/specs.git:
    - FontAwesome.swift

SPEC CHECKSUMS:
  FontAwesome.swift: 18fb500c0decc2bbfadf2ae16a936704ec2c49bd

PODFILE CHECKSUM: 8d2fc118dba02e959406ad3f4adf808653dc8bdd

COCOAPODS: 1.5.3
