// !$*UTF8*$!
{
	archiveVersion = 1;
	classes = {
	};
	objectVersion = 50;
	objects = {

/* Begin PBXBuildFile section */
		DE118DFF21C676D7003AFF8A /* GlobalTabBarController.swift in Sources */ = {isa = PBXBuildFile; fileRef = DE118DFE21C676D7003AFF8A /* GlobalTabBarController.swift */; };
		DE118E0221C67736003AFF8A /* GlobalTabBar.storyboard in Resources */ = {isa = PBXBuildFile; fileRef = DE118E0021C67736003AFF8A /* GlobalTabBar.storyboard */; };
		DE118E0421C67AD0003AFF8A /* SettingViewController.swift in Sources */ = {isa = PBXBuildFile; fileRef = DE118E0321C67AD0003AFF8A /* SettingViewController.swift */; };
		DE118E0621C67B10003AFF8A /* PasscodeViewController.swift in Sources */ = {isa = PBXBuildFile; fileRef = DE118E0521C67B10003AFF8A /* PasscodeViewController.swift */; };
		DE118E0821C67FCD003AFF8A /* UICollectionViewExtension.swift in Sources */ = {isa = PBXBuildFile; fileRef = DE118E0721C67FCD003AFF8A /* UICollectionViewExtension.swift */; };
		DE118E0A21C68019003AFF8A /* NSObjectProtocolExtension.swift in Sources */ = {isa = PBXBuildFile; fileRef = DE118E0921C68019003AFF8A /* NSObjectProtocolExtension.swift */; };
		DE118E0C21C6A9F1003AFF8A /* StickyStyleFlowLayout.swift in Sources */ = {isa = PBXBuildFile; fileRef = DE118E0B21C6A9F0003AFF8A /* StickyStyleFlowLayout.swift */; };
		DE118E1121C6BD07003AFF8A /* InputPasscodeKeyboardView.xib in Resources */ = {isa = PBXBuildFile; fileRef = DE118E1021C6BD07003AFF8A /* InputPasscodeKeyboardView.xib */; };
		DE118E1321C6BD1A003AFF8A /* InputPasscodeKeyboardView.swift in Sources */ = {isa = PBXBuildFile; fileRef = DE118E1221C6BD1A003AFF8A /* InputPasscodeKeyboardView.swift */; };
		DE118E1621C6C001003AFF8A /* InputPasscodeDisplayView.xib in Resources */ = {isa = PBXBuildFile; fileRef = DE118E1521C6C001003AFF8A /* InputPasscodeDisplayView.xib */; };
		DE118E1821C6E856003AFF8A /* InputPasscodeDisplayView.swift in Sources */ = {isa = PBXBuildFile; fileRef = DE118E1721C6E856003AFF8A /* InputPasscodeDisplayView.swift */; };
		DE29C70C21CA89D5005455C0 /* Form.storyboard in Resources */ = {isa = PBXBuildFile; fileRef = DE29C70A21CA89D5005455C0 /* Form.storyboard */; };
		DE29C70E21CA8AB0005455C0 /* FormViewController.swift in Sources */ = {isa = PBXBuildFile; fileRef = DE29C70D21CA8AB0005455C0 /* FormViewController.swift */; };
		DE29C71021CA8B2E005455C0 /* PasscodeModel.swift in Sources */ = {isa = PBXBuildFile; fileRef = DE29C70F21CA8B2E005455C0 /* PasscodeModel.swift */; };
		DE43A5E72136E29A000F178A /* AppDelegate.swift in Sources */ = {isa = PBXBuildFile; fileRef = DE43A5E62136E29A000F178A /* AppDelegate.swift */; };
		DE43A5E92136E29A000F178A /* MainViewController.swift in Sources */ = {isa = PBXBuildFile; fileRef = DE43A5E82136E29A000F178A /* MainViewController.swift */; };
		DE43A5EC2136E29A000F178A /* Main.storyboard in Resources */ = {isa = PBXBuildFile; fileRef = DE43A5EA2136E29A000F178A /* Main.storyboard */; };
		DE43A5EE2136E29E000F178A /* Assets.xcassets in Resources */ = {isa = PBXBuildFile; fileRef = DE43A5ED2136E29E000F178A /* Assets.xcassets */; };
		DE43A5F12136E29E000F178A /* LaunchScreen.storyboard in Resources */ = {isa = PBXBuildFile; fileRef = DE43A5EF2136E29E000F178A /* LaunchScreen.storyboard */; };
		DE43A5FC2136E29E000F178A /* TouchIDExampleTests.swift in Sources */ = {isa = PBXBuildFile; fileRef = DE43A5FB2136E29E000F178A /* TouchIDExampleTests.swift */; };
		DE43A6072136E29E000F178A /* TouchIDExampleUITests.swift in Sources */ = {isa = PBXBuildFile; fileRef = DE43A6062136E29E000F178A /* TouchIDExampleUITests.swift */; };
		DE43A61B2136E433000F178A /* UIViewControllerExtension.swift in Sources */ = {isa = PBXBuildFile; fileRef = DE43A61A2136E433000F178A /* UIViewControllerExtension.swift */; };
		DE43A61D2136E459000F178A /* UIColorExtension.swift in Sources */ = {isa = PBXBuildFile; fileRef = DE43A61C2136E459000F178A /* UIColorExtension.swift */; };
		DE43A61F2136E696000F178A /* CustomViewBase.swift in Sources */ = {isa = PBXBuildFile; fileRef = DE43A61E2136E696000F178A /* CustomViewBase.swift */; };
		DE43A6222136E79E000F178A /* LocalAuthenticationManager.swift in Sources */ = {isa = PBXBuildFile; fileRef = DE43A6212136E79E000F178A /* LocalAuthenticationManager.swift */; };
		DE43A6242136E7E1000F178A /* LocalAuthenticationType.swift in Sources */ = {isa = PBXBuildFile; fileRef = DE43A6232136E7E1000F178A /* LocalAuthenticationType.swift */; };
		DE43A6272136E947000F178A /* Passcode.storyboard in Resources */ = {isa = PBXBuildFile; fileRef = DE43A6252136E947000F178A /* Passcode.storyboard */; };
		DE43A62A2136EA21000F178A /* Setting.storyboard in Resources */ = {isa = PBXBuildFile; fileRef = DE43A6282136EA21000F178A /* Setting.storyboard */; };
		DE5E400F21CE41140085A545 /* PasscodePresenter.swift in Sources */ = {isa = PBXBuildFile; fileRef = DE5E400E21CE41140085A545 /* PasscodePresenter.swift */; };
		DE5E401121CE43E00085A545 /* InputPasscodeType.swift in Sources */ = {isa = PBXBuildFile; fileRef = DE5E401021CE43E00085A545 /* InputPasscodeType.swift */; };
		DE5E401421CEE9AF0085A545 /* StringExtension.swift in Sources */ = {isa = PBXBuildFile; fileRef = DE5E401321CEE9AF0085A545 /* StringExtension.swift */; };
		DE5E401621CEED7E0085A545 /* CryptAlgorithm.swift in Sources */ = {isa = PBXBuildFile; fileRef = DE5E401521CEED7E0085A545 /* CryptAlgorithm.swift */; };
		DEF6732E21C95A2100FA8595 /* TabBarItemType.swift in Sources */ = {isa = PBXBuildFile; fileRef = DEF6732D21C95A2100FA8595 /* TabBarItemType.swift */; };
		DEF6733021CA2ADF00FA8595 /* AppConstant.swift in Sources */ = {isa = PBXBuildFile; fileRef = DEF6732F21CA2ADF00FA8595 /* AppConstant.swift */; };
		DEF6733321CA392C00FA8595 /* SampleCollectionViewCell.swift in Sources */ = {isa = PBXBuildFile; fileRef = DEF6733121CA392C00FA8595 /* SampleCollectionViewCell.swift */; };
		DEF6733421CA392C00FA8595 /* SampleCollectionViewCell.xib in Resources */ = {isa = PBXBuildFile; fileRef = DEF6733221CA392C00FA8595 /* SampleCollectionViewCell.xib */; };
/* End PBXBuildFile section */

/* Begin PBXContainerItemProxy section */
		DE43A5F82136E29E000F178A /* PBXContainerItemProxy */ = {
			isa = PBXContainerItemProxy;
			containerPortal = DE43A5DB2136E299000F178A /* Project object */;
			proxyType = 1;
			remoteGlobalIDString = DE43A5E22136E299000F178A;
			remoteInfo = TouchIDExample;
		};
		DE43A6032136E29E000F178A /* PBXContainerItemProxy */ = {
			isa = PBXContainerItemProxy;
			containerPortal = DE43A5DB2136E299000F178A /* Project object */;
			proxyType = 1;
			remoteGlobalIDString = DE43A5E22136E299000F178A;
			remoteInfo = TouchIDExample;
		};
/* End PBXContainerItemProxy section */

/* Begin PBXFileReference section */
		DE118DFE21C676D7003AFF8A /* GlobalTabBarController.swift */ = {isa = PBXFileReference; lastKnownFileType = sourcecode.swift; path = GlobalTabBarController.swift; sourceTree = "<group>"; };
		DE118E0121C67736003AFF8A /* Base */ = {isa = PBXFileReference; lastKnownFileType = file.storyboard; name = Base; path = Base.lproj/GlobalTabBar.storyboard; sourceTree = "<group>"; };
		DE118E0321C67AD0003AFF8A /* SettingViewController.swift */ = {isa = PBXFileReference; lastKnownFileType = sourcecode.swift; path = SettingViewController.swift; sourceTree = "<group>"; };
		DE118E0521C67B10003AFF8A /* PasscodeViewController.swift */ = {isa = PBXFileReference; lastKnownFileType = sourcecode.swift; path = PasscodeViewController.swift; sourceTree = "<group>"; };
		DE118E0721C67FCD003AFF8A /* UICollectionViewExtension.swift */ = {isa = PBXFileReference; lastKnownFileType = sourcecode.swift; path = UICollectionViewExtension.swift; sourceTree = "<group>"; };
		DE118E0921C68019003AFF8A /* NSObjectProtocolExtension.swift */ = {isa = PBXFileReference; lastKnownFileType = sourcecode.swift; path = NSObjectProtocolExtension.swift; sourceTree = "<group>"; };
		DE118E0B21C6A9F0003AFF8A /* StickyStyleFlowLayout.swift */ = {isa = PBXFileReference; lastKnownFileType = sourcecode.swift; path = StickyStyleFlowLayout.swift; sourceTree = "<group>"; };
		DE118E1021C6BD07003AFF8A /* InputPasscodeKeyboardView.xib */ = {isa = PBXFileReference; lastKnownFileType = file.xib; path = InputPasscodeKeyboardView.xib; sourceTree = "<group>"; };
		DE118E1221C6BD1A003AFF8A /* InputPasscodeKeyboardView.swift */ = {isa = PBXFileReference; lastKnownFileType = sourcecode.swift; path = InputPasscodeKeyboardView.swift; sourceTree = "<group>"; };
		DE118E1521C6C001003AFF8A /* InputPasscodeDisplayView.xib */ = {isa = PBXFileReference; lastKnownFileType = file.xib; path = InputPasscodeDisplayView.xib; sourceTree = "<group>"; };
		DE118E1721C6E856003AFF8A /* InputPasscodeDisplayView.swift */ = {isa = PBXFileReference; lastKnownFileType = sourcecode.swift; path = InputPasscodeDisplayView.swift; sourceTree = "<group>"; };
		DE29C70B21CA89D5005455C0 /* Base */ = {isa = PBXFileReference; lastKnownFileType = file.storyboard; name = Base; path = Base.lproj/Form.storyboard; sourceTree = "<group>"; };
		DE29C70D21CA8AB0005455C0 /* FormViewController.swift */ = {isa = PBXFileReference; lastKnownFileType = sourcecode.swift; path = FormViewController.swift; sourceTree = "<group>"; };
		DE29C70F21CA8B2E005455C0 /* PasscodeModel.swift */ = {isa = PBXFileReference; lastKnownFileType = sourcecode.swift; path = PasscodeModel.swift; sourceTree = "<group>"; };
		DE43A5E32136E299000F178A /* TouchIDExample.app */ = {isa = PBXFileReference; explicitFileType = wrapper.application; includeInIndex = 0; path = TouchIDExample.app; sourceTree = BUILT_PRODUCTS_DIR; };
		DE43A5E62136E29A000F178A /* AppDelegate.swift */ = {isa = PBXFileReference; lastKnownFileType = sourcecode.swift; path = AppDelegate.swift; sourceTree = "<group>"; };
		DE43A5E82136E29A000F178A /* MainViewController.swift */ = {isa = PBXFileReference; lastKnownFileType = sourcecode.swift; path = MainViewController.swift; sourceTree = "<group>"; };
		DE43A5EB2136E29A000F178A /* Base */ = {isa = PBXFileReference; lastKnownFileType = file.storyboard; name = Base; path = Base.lproj/Main.storyboard; sourceTree = "<group>"; };
		DE43A5ED2136E29E000F178A /* Assets.xcassets */ = {isa = PBXFileReference; lastKnownFileType = folder.assetcatalog; path = Assets.xcassets; sourceTree = "<group>"; };
		DE43A5F02136E29E000F178A /* Base */ = {isa = PBXFileReference; lastKnownFileType = file.storyboard; name = Base; path = Base.lproj/LaunchScreen.storyboard; sourceTree = "<group>"; };
		DE43A5F22136E29E000F178A /* Info.plist */ = {isa = PBXFileReference; lastKnownFileType = text.plist.xml; path = Info.plist; sourceTree = "<group>"; };
		DE43A5F72136E29E000F178A /* TouchIDExampleTests.xctest */ = {isa = PBXFileReference; explicitFileType = wrapper.cfbundle; includeInIndex = 0; path = TouchIDExampleTests.xctest; sourceTree = BUILT_PRODUCTS_DIR; };
		DE43A5FB2136E29E000F178A /* TouchIDExampleTests.swift */ = {isa = PBXFileReference; lastKnownFileType = sourcecode.swift; path = TouchIDExampleTests.swift; sourceTree = "<group>"; };
		DE43A5FD2136E29E000F178A /* Info.plist */ = {isa = PBXFileReference; lastKnownFileType = text.plist.xml; path = Info.plist; sourceTree = "<group>"; };
		DE43A6022136E29E000F178A /* TouchIDExampleUITests.xctest */ = {isa = PBXFileReference; explicitFileType = wrapper.cfbundle; includeInIndex = 0; path = TouchIDExampleUITests.xctest; sourceTree = BUILT_PRODUCTS_DIR; };
		DE43A6062136E29E000F178A /* TouchIDExampleUITests.swift */ = {isa = PBXFileReference; lastKnownFileType = sourcecode.swift; path = TouchIDExampleUITests.swift; sourceTree = "<group>"; };
		DE43A6082136E29E000F178A /* Info.plist */ = {isa = PBXFileReference; lastKnownFileType = text.plist.xml; path = Info.plist; sourceTree = "<group>"; };
		DE43A61A2136E433000F178A /* UIViewControllerExtension.swift */ = {isa = PBXFileReference; lastKnownFileType = sourcecode.swift; path = UIViewControllerExtension.swift; sourceTree = "<group>"; };
		DE43A61C2136E459000F178A /* UIColorExtension.swift */ = {isa = PBXFileReference; lastKnownFileType = sourcecode.swift; path = UIColorExtension.swift; sourceTree = "<group>"; };
		DE43A61E2136E696000F178A /* CustomViewBase.swift */ = {isa = PBXFileReference; lastKnownFileType = sourcecode.swift; path = CustomViewBase.swift; sourceTree = "<group>"; };
		DE43A6212136E79E000F178A /* LocalAuthenticationManager.swift */ = {isa = PBXFileReference; lastKnownFileType = sourcecode.swift; path = LocalAuthenticationManager.swift; sourceTree = "<group>"; };
		DE43A6232136E7E1000F178A /* LocalAuthenticationType.swift */ = {isa = PBXFileReference; lastKnownFileType = sourcecode.swift; path = LocalAuthenticationType.swift; sourceTree = "<group>"; };
		DE43A6262136E947000F178A /* Base */ = {isa = PBXFileReference; lastKnownFileType = file.storyboard; name = Base; path = Base.lproj/Passcode.storyboard; sourceTree = "<group>"; };
		DE43A6292136EA21000F178A /* Base */ = {isa = PBXFileReference; lastKnownFileType = file.storyboard; name = Base; path = Base.lproj/Setting.storyboard; sourceTree = "<group>"; };
		DE5E400E21CE41140085A545 /* PasscodePresenter.swift */ = {isa = PBXFileReference; lastKnownFileType = sourcecode.swift; path = PasscodePresenter.swift; sourceTree = "<group>"; };
		DE5E401021CE43E00085A545 /* InputPasscodeType.swift */ = {isa = PBXFileReference; lastKnownFileType = sourcecode.swift; path = InputPasscodeType.swift; sourceTree = "<group>"; };
		DE5E401221CECCD80085A545 /* TouchIDExample-Bridging-Header.h */ = {isa = PBXFileReference; lastKnownFileType = sourcecode.c.h; path = "TouchIDExample-Bridging-Header.h"; sourceTree = "<group>"; };
		DE5E401321CEE9AF0085A545 /* StringExtension.swift */ = {isa = PBXFileReference; lastKnownFileType = sourcecode.swift; path = StringExtension.swift; sourceTree = "<group>"; };
		DE5E401521CEED7E0085A545 /* CryptAlgorithm.swift */ = {isa = PBXFileReference; lastKnownFileType = sourcecode.swift; path = CryptAlgorithm.swift; sourceTree = "<group>"; };
		DEF6732D21C95A2100FA8595 /* TabBarItemType.swift */ = {isa = PBXFileReference; lastKnownFileType = sourcecode.swift; path = TabBarItemType.swift; sourceTree = "<group>"; };
		DEF6732F21CA2ADF00FA8595 /* AppConstant.swift */ = {isa = PBXFileReference; lastKnownFileType = sourcecode.swift; path = AppConstant.swift; sourceTree = "<group>"; };
		DEF6733121CA392C00FA8595 /* SampleCollectionViewCell.swift */ = {isa = PBXFileReference; lastKnownFileType = sourcecode.swift; path = SampleCollectionViewCell.swift; sourceTree = "<group>"; };
		DEF6733221CA392C00FA8595 /* SampleCollectionViewCell.xib */ = {isa = PBXFileReference; lastKnownFileType = file.xib; path = SampleCollectionViewCell.xib; sourceTree = "<group>"; };
/* End PBXFileReference section */

/* Begin PBXFrameworksBuildPhase section */
		DE43A5E02136E299000F178A /* Frameworks */ = {
			isa = PBXFrameworksBuildPhase;
			buildActionMask = 2147483647;
			files = (
			);
			runOnlyForDeploymentPostprocessing = 0;
		};
		DE43A5F42136E29E000F178A /* Frameworks */ = {
			isa = PBXFrameworksBuildPhase;
			buildActionMask = 2147483647;
			files = (
			);
			runOnlyForDeploymentPostprocessing = 0;
		};
		DE43A5FF2136E29E000F178A /* Frameworks */ = {
			isa = PBXFrameworksBuildPhase;
			buildActionMask = 2147483647;
			files = (
			);
			runOnlyForDeploymentPostprocessing = 0;
		};
/* End PBXFrameworksBuildPhase section */

/* Begin PBXGroup section */
		DE118E0D21C6BBB8003AFF8A /* Presenter */ = {
			isa = PBXGroup;
			children = (
				DE5E400E21CE41140085A545 /* PasscodePresenter.swift */,
			);
			path = Presenter;
			sourceTree = "<group>";
		};
		DE118E0E21C6BC94003AFF8A /* StickyStyleFlowLayout */ = {
			isa = PBXGroup;
			children = (
				DE118E0B21C6A9F0003AFF8A /* StickyStyleFlowLayout.swift */,
			);
			path = StickyStyleFlowLayout;
			sourceTree = "<group>";
		};
		DE118E0F21C6BCD0003AFF8A /* InputPasscodeKeyboardView */ = {
			isa = PBXGroup;
			children = (
				DE118E1221C6BD1A003AFF8A /* InputPasscodeKeyboardView.swift */,
				DE118E1021C6BD07003AFF8A /* InputPasscodeKeyboardView.xib */,
			);
			path = InputPasscodeKeyboardView;
			sourceTree = "<group>";
		};
		DE118E1421C6BD7B003AFF8A /* InputPasscodeDisplayView */ = {
			isa = PBXGroup;
			children = (
				DE118E1721C6E856003AFF8A /* InputPasscodeDisplayView.swift */,
				DE118E1521C6C001003AFF8A /* InputPasscodeDisplayView.xib */,
			);
			path = InputPasscodeDisplayView;
			sourceTree = "<group>";
		};
		DE118E1921C6F5A8003AFF8A /* SampleCollectionViewCell */ = {
			isa = PBXGroup;
			children = (
				DEF6733121CA392C00FA8595 /* SampleCollectionViewCell.swift */,
				DEF6733221CA392C00FA8595 /* SampleCollectionViewCell.xib */,
			);
			path = SampleCollectionViewCell;
			sourceTree = "<group>";
		};
		DE43A5DA2136E299000F178A = {
			isa = PBXGroup;
			children = (
				DE43A5E52136E29A000F178A /* TouchIDExample */,
				DE43A5FA2136E29E000F178A /* TouchIDExampleTests */,
				DE43A6052136E29E000F178A /* TouchIDExampleUITests */,
				DE43A5E42136E299000F178A /* Products */,
			);
			sourceTree = "<group>";
		};
		DE43A5E42136E299000F178A /* Products */ = {
			isa = PBXGroup;
			children = (
				DE43A5E32136E299000F178A /* TouchIDExample.app */,
				DE43A5F72136E29E000F178A /* TouchIDExampleTests.xctest */,
				DE43A6022136E29E000F178A /* TouchIDExampleUITests.xctest */,
			);
			name = Products;
			sourceTree = "<group>";
		};
		DE43A5E52136E29A000F178A /* TouchIDExample */ = {
			isa = PBXGroup;
			children = (
				DE5E401221CECCD80085A545 /* TouchIDExample-Bridging-Header.h */,
				DE43A5F22136E29E000F178A /* Info.plist */,
				DE43A5E62136E29A000F178A /* AppDelegate.swift */,
				DE43A5ED2136E29E000F178A /* Assets.xcassets */,
				DE43A6202136E6F0000F178A /* Enum */,
				DE43A6172136E331000F178A /* Extension */,
				DE43A5EF2136E29E000F178A /* LaunchScreen.storyboard */,
				DE43A6192136E3B9000F178A /* Model */,
				DE43A6182136E346000F178A /* Module */,
				DE118E0D21C6BBB8003AFF8A /* Presenter */,
				DE43A6152136E2CD000F178A /* Storyboard */,
				DE43A6162136E2FC000F178A /* View */,
				DE43A6142136E2B6000F178A /* ViewController */,
			);
			path = TouchIDExample;
			sourceTree = "<group>";
		};
		DE43A5FA2136E29E000F178A /* TouchIDExampleTests */ = {
			isa = PBXGroup;
			children = (
				DE43A5FB2136E29E000F178A /* TouchIDExampleTests.swift */,
				DE43A5FD2136E29E000F178A /* Info.plist */,
			);
			path = TouchIDExampleTests;
			sourceTree = "<group>";
		};
		DE43A6052136E29E000F178A /* TouchIDExampleUITests */ = {
			isa = PBXGroup;
			children = (
				DE43A6062136E29E000F178A /* TouchIDExampleUITests.swift */,
				DE43A6082136E29E000F178A /* Info.plist */,
			);
			path = TouchIDExampleUITests;
			sourceTree = "<group>";
		};
		DE43A6142136E2B6000F178A /* ViewController */ = {
			isa = PBXGroup;
			children = (
				DE118DFE21C676D7003AFF8A /* GlobalTabBarController.swift */,
				DE29C70D21CA8AB0005455C0 /* FormViewController.swift */,
				DE43A5E82136E29A000F178A /* MainViewController.swift */,
				DE118E0521C67B10003AFF8A /* PasscodeViewController.swift */,
				DE118E0321C67AD0003AFF8A /* SettingViewController.swift */,
			);
			path = ViewController;
			sourceTree = "<group>";
		};
		DE43A6152136E2CD000F178A /* Storyboard */ = {
			isa = PBXGroup;
			children = (
				DE118E0021C67736003AFF8A /* GlobalTabBar.storyboard */,
				DE29C70A21CA89D5005455C0 /* Form.storyboard */,
				DE43A5EA2136E29A000F178A /* Main.storyboard */,
				DE43A6252136E947000F178A /* Passcode.storyboard */,
				DE43A6282136EA21000F178A /* Setting.storyboard */,
			);
			path = Storyboard;
			sourceTree = "<group>";
		};
		DE43A6162136E2FC000F178A /* View */ = {
			isa = PBXGroup;
			children = (
				DE43A61E2136E696000F178A /* CustomViewBase.swift */,
				DE118E1421C6BD7B003AFF8A /* InputPasscodeDisplayView */,
				DE118E0F21C6BCD0003AFF8A /* InputPasscodeKeyboardView */,
				DE118E1921C6F5A8003AFF8A /* SampleCollectionViewCell */,
				DE118E0E21C6BC94003AFF8A /* StickyStyleFlowLayout */,
			);
			path = View;
			sourceTree = "<group>";
		};
		DE43A6172136E331000F178A /* Extension */ = {
			isa = PBXGroup;
			children = (
				DE118E0921C68019003AFF8A /* NSObjectProtocolExtension.swift */,
				DE118E0721C67FCD003AFF8A /* UICollectionViewExtension.swift */,
				DE43A61C2136E459000F178A /* UIColorExtension.swift */,
				DE43A61A2136E433000F178A /* UIViewControllerExtension.swift */,
				DE5E401321CEE9AF0085A545 /* StringExtension.swift */,
			);
			path = Extension;
			sourceTree = "<group>";
		};
		DE43A6182136E346000F178A /* Module */ = {
			isa = PBXGroup;
			children = (
				DEF6732F21CA2ADF00FA8595 /* AppConstant.swift */,
				DE43A6212136E79E000F178A /* LocalAuthenticationManager.swift */,
			);
			path = Module;
			sourceTree = "<group>";
		};
		DE43A6192136E3B9000F178A /* Model */ = {
			isa = PBXGroup;
			children = (
				DE29C70F21CA8B2E005455C0 /* PasscodeModel.swift */,
			);
			path = Model;
			sourceTree = "<group>";
		};
		DE43A6202136E6F0000F178A /* Enum */ = {
			isa = PBXGroup;
			children = (
				DE5E401521CEED7E0085A545 /* CryptAlgorithm.swift */,
				DE43A6232136E7E1000F178A /* LocalAuthenticationType.swift */,
				DEF6732D21C95A2100FA8595 /* TabBarItemType.swift */,
				DE5E401021CE43E00085A545 /* InputPasscodeType.swift */,
			);
			path = Enum;
			sourceTree = "<group>";
		};
/* End PBXGroup section */

/* Begin PBXNativeTarget section */
		DE43A5E22136E299000F178A /* TouchIDExample */ = {
			isa = PBXNativeTarget;
			buildConfigurationList = DE43A60B2136E29F000F178A /* Build configuration list for PBXNativeTarget "TouchIDExample" */;
			buildPhases = (
				DE43A5DF2136E299000F178A /* Sources */,
				DE43A5E02136E299000F178A /* Frameworks */,
				DE43A5E12136E299000F178A /* Resources */,
			);
			buildRules = (
			);
			dependencies = (
			);
			name = TouchIDExample;
			productName = TouchIDExample;
			productReference = DE43A5E32136E299000F178A /* TouchIDExample.app */;
			productType = "com.apple.product-type.application";
		};
		DE43A5F62136E29E000F178A /* TouchIDExampleTests */ = {
			isa = PBXNativeTarget;
			buildConfigurationList = DE43A60E2136E29F000F178A /* Build configuration list for PBXNativeTarget "TouchIDExampleTests" */;
			buildPhases = (
				DE43A5F32136E29E000F178A /* Sources */,
				DE43A5F42136E29E000F178A /* Frameworks */,
				DE43A5F52136E29E000F178A /* Resources */,
			);
			buildRules = (
			);
			dependencies = (
				DE43A5F92136E29E000F178A /* PBXTargetDependency */,
			);
			name = TouchIDExampleTests;
			productName = TouchIDExampleTests;
			productReference = DE43A5F72136E29E000F178A /* TouchIDExampleTests.xctest */;
			productType = "com.apple.product-type.bundle.unit-test";
		};
		DE43A6012136E29E000F178A /* TouchIDExampleUITests */ = {
			isa = PBXNativeTarget;
			buildConfigurationList = DE43A6112136E29F000F178A /* Build configuration list for PBXNativeTarget "TouchIDExampleUITests" */;
			buildPhases = (
				DE43A5FE2136E29E000F178A /* Sources */,
				DE43A5FF2136E29E000F178A /* Frameworks */,
				DE43A6002136E29E000F178A /* Resources */,
			);
			buildRules = (
			);
			dependencies = (
				DE43A6042136E29E000F178A /* PBXTargetDependency */,
			);
			name = TouchIDExampleUITests;
			productName = TouchIDExampleUITests;
			productReference = DE43A6022136E29E000F178A /* TouchIDExampleUITests.xctest */;
			productType = "com.apple.product-type.bundle.ui-testing";
		};
/* End PBXNativeTarget section */

/* Begin PBXProject section */
		DE43A5DB2136E299000F178A /* Project object */ = {
			isa = PBXProject;
			attributes = {
				LastSwiftUpdateCheck = 0940;
				LastUpgradeCheck = 0940;
				ORGANIZATIONNAME = "酒井文也";
				TargetAttributes = {
					DE43A5E22136E299000F178A = {
						CreatedOnToolsVersion = 9.4.1;
						LastSwiftMigration = 1030;
					};
					DE43A5F62136E29E000F178A = {
						CreatedOnToolsVersion = 9.4.1;
						LastSwiftMigration = 1030;
						TestTargetID = DE43A5E22136E299000F178A;
					};
					DE43A6012136E29E000F178A = {
						CreatedOnToolsVersion = 9.4.1;
						LastSwiftMigration = 1030;
						TestTargetID = DE43A5E22136E299000F178A;
					};
				};
			};
			buildConfigurationList = DE43A5DE2136E299000F178A /* Build configuration list for PBXProject "TouchIDExample" */;
			compatibilityVersion = "Xcode 9.3";
			developmentRegion = en;
			hasScannedForEncodings = 0;
			knownRegions = (
				en,
				Base,
			);
			mainGroup = DE43A5DA2136E299000F178A;
			productRefGroup = DE43A5E42136E299000F178A /* Products */;
			projectDirPath = "";
			projectRoot = "";
			targets = (
				DE43A5E22136E299000F178A /* TouchIDExample */,
				DE43A5F62136E29E000F178A /* TouchIDExampleTests */,
				DE43A6012136E29E000F178A /* TouchIDExampleUITests */,
			);
		};
/* End PBXProject section */

/* Begin PBXResourcesBuildPhase section */
		DE43A5E12136E299000F178A /* Resources */ = {
			isa = PBXResourcesBuildPhase;
			buildActionMask = 2147483647;
			files = (
				DE43A6272136E947000F178A /* Passcode.storyboard in Resources */,
				DE43A62A2136EA21000F178A /* Setting.storyboard in Resources */,
				DE43A5F12136E29E000F178A /* LaunchScreen.storyboard in Resources */,
				DE118E0221C67736003AFF8A /* GlobalTabBar.storyboard in Resources */,
				DE118E1621C6C001003AFF8A /* InputPasscodeDisplayView.xib in Resources */,
				DEF6733421CA392C00FA8595 /* SampleCollectionViewCell.xib in Resources */,
				DE43A5EE2136E29E000F178A /* Assets.xcassets in Resources */,
				DE43A5EC2136E29A000F178A /* Main.storyboard in Resources */,
				DE118E1121C6BD07003AFF8A /* InputPasscodeKeyboardView.xib in Resources */,
				DE29C70C21CA89D5005455C0 /* Form.storyboard in Resources */,
			);
			runOnlyForDeploymentPostprocessing = 0;
		};
		DE43A5F52136E29E000F178A /* Resources */ = {
			isa = PBXResourcesBuildPhase;
			buildActionMask = 2147483647;
			files = (
			);
			runOnlyForDeploymentPostprocessing = 0;
		};
		DE43A6002136E29E000F178A /* Resources */ = {
			isa = PBXResourcesBuildPhase;
			buildActionMask = 2147483647;
			files = (
			);
			runOnlyForDeploymentPostprocessing = 0;
		};
/* End PBXResourcesBuildPhase section */

/* Begin PBXSourcesBuildPhase section */
		DE43A5DF2136E299000F178A /* Sources */ = {
			isa = PBXSourcesBuildPhase;
			buildActionMask = 2147483647;
			files = (
				DE118E1321C6BD1A003AFF8A /* InputPasscodeKeyboardView.swift in Sources */,
				DE29C71021CA8B2E005455C0 /* PasscodeModel.swift in Sources */,
				DE118E0821C67FCD003AFF8A /* UICollectionViewExtension.swift in Sources */,
				DE118DFF21C676D7003AFF8A /* GlobalTabBarController.swift in Sources */,
				DE5E401121CE43E00085A545 /* InputPasscodeType.swift in Sources */,
				DE29C70E21CA8AB0005455C0 /* FormViewController.swift in Sources */,
				DE43A61F2136E696000F178A /* CustomViewBase.swift in Sources */,
				DE118E0621C67B10003AFF8A /* PasscodeViewController.swift in Sources */,
				DE5E401621CEED7E0085A545 /* CryptAlgorithm.swift in Sources */,
				DE43A5E92136E29A000F178A /* MainViewController.swift in Sources */,
				DE43A6242136E7E1000F178A /* LocalAuthenticationType.swift in Sources */,
				DE43A5E72136E29A000F178A /* AppDelegate.swift in Sources */,
				DE118E1821C6E856003AFF8A /* InputPasscodeDisplayView.swift in Sources */,
				DE118E0C21C6A9F1003AFF8A /* StickyStyleFlowLayout.swift in Sources */,
				DEF6733321CA392C00FA8595 /* SampleCollectionViewCell.swift in Sources */,
				DE5E400F21CE41140085A545 /* PasscodePresenter.swift in Sources */,
				DE118E0421C67AD0003AFF8A /* SettingViewController.swift in Sources */,
				DE43A61B2136E433000F178A /* UIViewControllerExtension.swift in Sources */,
				DEF6732E21C95A2100FA8595 /* TabBarItemType.swift in Sources */,
				DEF6733021CA2ADF00FA8595 /* AppConstant.swift in Sources */,
				DE118E0A21C68019003AFF8A /* NSObjectProtocolExtension.swift in Sources */,
				DE43A61D2136E459000F178A /* UIColorExtension.swift in Sources */,
				DE5E401421CEE9AF0085A545 /* StringExtension.swift in Sources */,
				DE43A6222136E79E000F178A /* LocalAuthenticationManager.swift in Sources */,
			);
			runOnlyForDeploymentPostprocessing = 0;
		};
		DE43A5F32136E29E000F178A /* Sources */ = {
			isa = PBXSourcesBuildPhase;
			buildActionMask = 2147483647;
			files = (
				DE43A5FC2136E29E000F178A /* TouchIDExampleTests.swift in Sources */,
			);
			runOnlyForDeploymentPostprocessing = 0;
		};
		DE43A5FE2136E29E000F178A /* Sources */ = {
			isa = PBXSourcesBuildPhase;
			buildActionMask = 2147483647;
			files = (
				DE43A6072136E29E000F178A /* TouchIDExampleUITests.swift in Sources */,
			);
			runOnlyForDeploymentPostprocessing = 0;
		};
/* End PBXSourcesBuildPhase section */

/* Begin PBXTargetDependency section */
		DE43A5F92136E29E000F178A /* PBXTargetDependency */ = {
			isa = PBXTargetDependency;
			target = DE43A5E22136E299000F178A /* TouchIDExample */;
			targetProxy = DE43A5F82136E29E000F178A /* PBXContainerItemProxy */;
		};
		DE43A6042136E29E000F178A /* PBXTargetDependency */ = {
			isa = PBXTargetDependency;
			target = DE43A5E22136E299000F178A /* TouchIDExample */;
			targetProxy = DE43A6032136E29E000F178A /* PBXContainerItemProxy */;
		};
/* End PBXTargetDependency section */

/* Begin PBXVariantGroup section */
		DE118E0021C67736003AFF8A /* GlobalTabBar.storyboard */ = {
			isa = PBXVariantGroup;
			children = (
				DE118E0121C67736003AFF8A /* Base */,
			);
			name = GlobalTabBar.storyboard;
			sourceTree = "<group>";
		};
		DE29C70A21CA89D5005455C0 /* Form.storyboard */ = {
			isa = PBXVariantGroup;
			children = (
				DE29C70B21CA89D5005455C0 /* Base */,
			);
			name = Form.storyboard;
			sourceTree = "<group>";
		};
		DE43A5EA2136E29A000F178A /* Main.storyboard */ = {
			isa = PBXVariantGroup;
			children = (
				DE43A5EB2136E29A000F178A /* Base */,
			);
			name = Main.storyboard;
			sourceTree = "<group>";
		};
		DE43A5EF2136E29E000F178A /* LaunchScreen.storyboard */ = {
			isa = PBXVariantGroup;
			children = (
				DE43A5F02136E29E000F178A /* Base */,
			);
			name = LaunchScreen.storyboard;
			sourceTree = "<group>";
		};
		DE43A6252136E947000F178A /* Passcode.storyboard */ = {
			isa = PBXVariantGroup;
			children = (
				DE43A6262136E947000F178A /* Base */,
			);
			name = Passcode.storyboard;
			sourceTree = "<group>";
		};
		DE43A6282136EA21000F178A /* Setting.storyboard */ = {
			isa = PBXVariantGroup;
			children = (
				DE43A6292136EA21000F178A /* Base */,
			);
			name = Setting.storyboard;
			sourceTree = "<group>";
		};
/* End PBXVariantGroup section */

/* Begin XCBuildConfiguration section */
		DE43A6092136E29F000F178A /* Debug */ = {
			isa = XCBuildConfiguration;
			buildSettings = {
				ALWAYS_SEARCH_USER_PATHS = NO;
				CLANG_ANALYZER_NONNULL = YES;
				CLANG_ANALYZER_NUMBER_OBJECT_CONVERSION = YES_AGGRESSIVE;
				CLANG_CXX_LANGUAGE_STANDARD = "gnu++14";
				CLANG_CXX_LIBRARY = "libc++";
				CLANG_ENABLE_MODULES = YES;
				CLANG_ENABLE_OBJC_ARC = YES;
				CLANG_ENABLE_OBJC_WEAK = YES;
				CLANG_WARN_BLOCK_CAPTURE_AUTORELEASING = YES;
				CLANG_WARN_BOOL_CONVERSION = YES;
				CLANG_WARN_COMMA = YES;
				CLANG_WARN_CONSTANT_CONVERSION = YES;
				CLANG_WARN_DEPRECATED_OBJC_IMPLEMENTATIONS = YES;
				CLANG_WARN_DIRECT_OBJC_ISA_USAGE = YES_ERROR;
				CLANG_WARN_DOCUMENTATION_COMMENTS = YES;
				CLANG_WARN_EMPTY_BODY = YES;
				CLANG_WARN_ENUM_CONVERSION = YES;
				CLANG_WARN_INFINITE_RECURSION = YES;
				CLANG_WARN_INT_CONVERSION = YES;
				CLANG_WARN_NON_LITERAL_NULL_CONVERSION = YES;
				CLANG_WARN_OBJC_IMPLICIT_RETAIN_SELF = YES;
				CLANG_WARN_OBJC_LITERAL_CONVERSION = YES;
				CLANG_WARN_OBJC_ROOT_CLASS = YES_ERROR;
				CLANG_WARN_RANGE_LOOP_ANALYSIS = YES;
				CLANG_WARN_STRICT_PROTOTYPES = YES;
				CLANG_WARN_SUSPICIOUS_MOVE = YES;
				CLANG_WARN_UNGUARDED_AVAILABILITY = YES_AGGRESSIVE;
				CLANG_WARN_UNREACHABLE_CODE = YES;
				CLANG_WARN__DUPLICATE_METHOD_MATCH = YES;
				CODE_SIGN_IDENTITY = "iPhone Developer";
				COPY_PHASE_STRIP = NO;
				DEBUG_INFORMATION_FORMAT = dwarf;
				ENABLE_STRICT_OBJC_MSGSEND = YES;
				ENABLE_TESTABILITY = YES;
				GCC_C_LANGUAGE_STANDARD = gnu11;
				GCC_DYNAMIC_NO_PIC = NO;
				GCC_NO_COMMON_BLOCKS = YES;
				GCC_OPTIMIZATION_LEVEL = 0;
				GCC_PREPROCESSOR_DEFINITIONS = (
					"DEBUG=1",
					"$(inherited)",
				);
				GCC_WARN_64_TO_32_BIT_CONVERSION = YES;
				GCC_WARN_ABOUT_RETURN_TYPE = YES_ERROR;
				GCC_WARN_UNDECLARED_SELECTOR = YES;
				GCC_WARN_UNINITIALIZED_AUTOS = YES_AGGRESSIVE;
				GCC_WARN_UNUSED_FUNCTION = YES;
				GCC_WARN_UNUSED_VARIABLE = YES;
				IPHONEOS_DEPLOYMENT_TARGET = 14.0;
				MTL_ENABLE_DEBUG_INFO = YES;
				ONLY_ACTIVE_ARCH = YES;
				SDKROOT = iphoneos;
				SWIFT_ACTIVE_COMPILATION_CONDITIONS = DEBUG;
				SWIFT_OBJC_BRIDGING_HEADER = "$(SRCROOT)/TouchIDExample/TouchIDExample-Bridging-Header.h";
				SWIFT_OPTIMIZATION_LEVEL = "-Onone";
			};
			name = Debug;
		};
		DE43A60A2136E29F000F178A /* Release */ = {
			isa = XCBuildConfiguration;
			buildSettings = {
				ALWAYS_SEARCH_USER_PATHS = NO;
				CLANG_ANALYZER_NONNULL = YES;
				CLANG_ANALYZER_NUMBER_OBJECT_CONVERSION = YES_AGGRESSIVE;
				CLANG_CXX_LANGUAGE_STANDARD = "gnu++14";
				CLANG_CXX_LIBRARY = "libc++";
				CLANG_ENABLE_MODULES = YES;
				CLANG_ENABLE_OBJC_ARC = YES;
				CLANG_ENABLE_OBJC_WEAK = YES;
				CLANG_WARN_BLOCK_CAPTURE_AUTORELEASING = YES;
				CLANG_WARN_BOOL_CONVERSION = YES;
				CLANG_WARN_COMMA = YES;
				CLANG_WARN_CONSTANT_CONVERSION = YES;
				CLANG_WARN_DEPRECATED_OBJC_IMPLEMENTATIONS = YES;
				CLANG_WARN_DIRECT_OBJC_ISA_USAGE = YES_ERROR;
				CLANG_WARN_DOCUMENTATION_COMMENTS = YES;
				CLANG_WARN_EMPTY_BODY = YES;
				CLANG_WARN_ENUM_CONVERSION = YES;
				CLANG_WARN_INFINITE_RECURSION = YES;
				CLANG_WARN_INT_CONVERSION = YES;
				CLANG_WARN_NON_LITERAL_NULL_CONVERSION = YES;
				CLANG_WARN_OBJC_IMPLICIT_RETAIN_SELF = YES;
				CLANG_WARN_OBJC_LITERAL_CONVERSION = YES;
				CLANG_WARN_OBJC_ROOT_CLASS = YES_ERROR;
				CLANG_WARN_RANGE_LOOP_ANALYSIS = YES;
				CLANG_WARN_STRICT_PROTOTYPES = YES;
				CLANG_WARN_SUSPICIOUS_MOVE = YES;
				CLANG_WARN_UNGUARDED_AVAILABILITY = YES_AGGRESSIVE;
				CLANG_WARN_UNREACHABLE_CODE = YES;
				CLANG_WARN__DUPLICATE_METHOD_MATCH = YES;
				CODE_SIGN_IDENTITY = "iPhone Developer";
				COPY_PHASE_STRIP = NO;
				DEBUG_INFORMATION_FORMAT = "dwarf-with-dsym";
				ENABLE_NS_ASSERTIONS = NO;
				ENABLE_STRICT_OBJC_MSGSEND = YES;
				GCC_C_LANGUAGE_STANDARD = gnu11;
				GCC_NO_COMMON_BLOCKS = YES;
				GCC_WARN_64_TO_32_BIT_CONVERSION = YES;
				GCC_WARN_ABOUT_RETURN_TYPE = YES_ERROR;
				GCC_WARN_UNDECLARED_SELECTOR = YES;
				GCC_WARN_UNINITIALIZED_AUTOS = YES_AGGRESSIVE;
				GCC_WARN_UNUSED_FUNCTION = YES;
				GCC_WARN_UNUSED_VARIABLE = YES;
				IPHONEOS_DEPLOYMENT_TARGET = 14.0;
				MTL_ENABLE_DEBUG_INFO = NO;
				SDKROOT = iphoneos;
				SWIFT_COMPILATION_MODE = wholemodule;
				SWIFT_OBJC_BRIDGING_HEADER = "$(SRCROOT)/TouchIDExample/TouchIDExample-Bridging-Header.h";
				SWIFT_OPTIMIZATION_LEVEL = "-O";
				VALIDATE_PRODUCT = YES;
			};
			name = Release;
		};
		DE43A60C2136E29F000F178A /* Debug */ = {
			isa = XCBuildConfiguration;
			buildSettings = {
				ASSETCATALOG_COMPILER_APPICON_NAME = AppIcon;
				CODE_SIGN_STYLE = Automatic;
				DEVELOPMENT_TEAM = S5BF5553KY;
				INFOPLIST_FILE = TouchIDExample/Info.plist;
				IPHONEOS_DEPLOYMENT_TARGET = 14.0;
				LD_RUNPATH_SEARCH_PATHS = (
					"$(inherited)",
					"@executable_path/Frameworks",
				);
				PRODUCT_BUNDLE_IDENTIFIER = com.just1factory.TouchIDExample;
				PRODUCT_NAME = "$(TARGET_NAME)";
				SWIFT_VERSION = 5.0;
				TARGETED_DEVICE_FAMILY = "1,2";
			};
			name = Debug;
		};
		DE43A60D2136E29F000F178A /* Release */ = {
			isa = XCBuildConfiguration;
			buildSettings = {
				ASSETCATALOG_COMPILER_APPICON_NAME = AppIcon;
				CODE_SIGN_STYLE = Automatic;
				DEVELOPMENT_TEAM = S5BF5553KY;
				INFOPLIST_FILE = TouchIDExample/Info.plist;
				IPHONEOS_DEPLOYMENT_TARGET = 14.0;
				LD_RUNPATH_SEARCH_PATHS = (
					"$(inherited)",
					"@executable_path/Frameworks",
				);
				PRODUCT_BUNDLE_IDENTIFIER = com.just1factory.TouchIDExample;
				PRODUCT_NAME = "$(TARGET_NAME)";
				SWIFT_VERSION = 5.0;
				TARGETED_DEVICE_FAMILY = "1,2";
			};
			name = Release;
		};
		DE43A60F2136E29F000F178A /* Debug */ = {
			isa = XCBuildConfiguration;
			buildSettings = {
				ALWAYS_EMBED_SWIFT_STANDARD_LIBRARIES = YES;
				BUNDLE_LOADER = "$(TEST_HOST)";
				CODE_SIGN_STYLE = Automatic;
				DEVELOPMENT_TEAM = S5BF5553KY;
				INFOPLIST_FILE = TouchIDExampleTests/Info.plist;
				LD_RUNPATH_SEARCH_PATHS = (
					"$(inherited)",
					"@executable_path/Frameworks",
					"@loader_path/Frameworks",
				);
				PRODUCT_BUNDLE_IDENTIFIER = com.just1factory.TouchIDExampleTests;
				PRODUCT_NAME = "$(TARGET_NAME)";
				SWIFT_VERSION = 5.0;
				TARGETED_DEVICE_FAMILY = "1,2";
				TEST_HOST = "$(BUILT_PRODUCTS_DIR)/TouchIDExample.app/TouchIDExample";
			};
			name = Debug;
		};
		DE43A6102136E29F000F178A /* Release */ = {
			isa = XCBuildConfiguration;
			buildSettings = {
				ALWAYS_EMBED_SWIFT_STANDARD_LIBRARIES = YES;
				BUNDLE_LOADER = "$(TEST_HOST)";
				CODE_SIGN_STYLE = Automatic;
				DEVELOPMENT_TEAM = S5BF5553KY;
				INFOPLIST_FILE = TouchIDExampleTests/Info.plist;
				LD_RUNPATH_SEARCH_PATHS = (
					"$(inherited)",
					"@executable_path/Frameworks",
					"@loader_path/Frameworks",
				);
				PRODUCT_BUNDLE_IDENTIFIER = com.just1factory.TouchIDExampleTests;
				PRODUCT_NAME = "$(TARGET_NAME)";
				SWIFT_VERSION = 5.0;
				TARGETED_DEVICE_FAMILY = "1,2";
				TEST_HOST = "$(BUILT_PRODUCTS_DIR)/TouchIDExample.app/TouchIDExample";
			};
			name = Release;
		};
		DE43A6122136E29F000F178A /* Debug */ = {
			isa = XCBuildConfiguration;
			buildSettings = {
				ALWAYS_EMBED_SWIFT_STANDARD_LIBRARIES = YES;
				CODE_SIGN_STYLE = Automatic;
				DEVELOPMENT_TEAM = S5BF5553KY;
				INFOPLIST_FILE = TouchIDExampleUITests/Info.plist;
				LD_RUNPATH_SEARCH_PATHS = (
					"$(inherited)",
					"@executable_path/Frameworks",
					"@loader_path/Frameworks",
				);
				PRODUCT_BUNDLE_IDENTIFIER = com.just1factory.TouchIDExampleUITests;
				PRODUCT_NAME = "$(TARGET_NAME)";
				SWIFT_VERSION = 5.0;
				TARGETED_DEVICE_FAMILY = "1,2";
				TEST_TARGET_NAME = TouchIDExample;
			};
			name = Debug;
		};
		DE43A6132136E29F000F178A /* Release */ = {
			isa = XCBuildConfiguration;
			buildSettings = {
				ALWAYS_EMBED_SWIFT_STANDARD_LIBRARIES = YES;
				CODE_SIGN_STYLE = Automatic;
				DEVELOPMENT_TEAM = S5BF5553KY;
				INFOPLIST_FILE = TouchIDExampleUITests/Info.plist;
				LD_RUNPATH_SEARCH_PATHS = (
					"$(inherited)",
					"@executable_path/Frameworks",
					"@loader_path/Frameworks",
				);
				PRODUCT_BUNDLE_IDENTIFIER = com.just1factory.TouchIDExampleUITests;
				PRODUCT_NAME = "$(TARGET_NAME)";
				SWIFT_VERSION = 5.0;
				TARGETED_DEVICE_FAMILY = "1,2";
				TEST_TARGET_NAME = TouchIDExample;
			};
			name = Release;
		};
/* End XCBuildConfiguration section */

/* Begin XCConfigurationList section */
		DE43A5DE2136E299000F178A /* Build configuration list for PBXProject "TouchIDExample" */ = {
			isa = XCConfigurationList;
			buildConfigurations = (
				DE43A6092136E29F000F178A /* Debug */,
				DE43A60A2136E29F000F178A /* Release */,
			);
			defaultConfigurationIsVisible = 0;
			defaultConfigurationName = Release;
		};
		DE43A60B2136E29F000F178A /* Build configuration list for PBXNativeTarget "TouchIDExample" */ = {
			isa = XCConfigurationList;
			buildConfigurations = (
				DE43A60C2136E29F000F178A /* Debug */,
				DE43A60D2136E29F000F178A /* Release */,
			);
			defaultConfigurationIsVisible = 0;
			defaultConfigurationName = Release;
		};
		DE43A60E2136E29F000F178A /* Build configuration list for PBXNativeTarget "TouchIDExampleTests" */ = {
			isa = XCConfigurationList;
			buildConfigurations = (
				DE43A60F2136E29F000F178A /* Debug */,
				DE43A6102136E29F000F178A /* Release */,
			);
			defaultConfigurationIsVisible = 0;
			defaultConfigurationName = Release;
		};
		DE43A6112136E29F000F178A /* Build configuration list for PBXNativeTarget "TouchIDExampleUITests" */ = {
			isa = XCConfigurationList;
			buildConfigurations = (
				DE43A6122136E29F000F178A /* Debug */,
				DE43A6132136E29F000F178A /* Release */,
			);
			defaultConfigurationIsVisible = 0;
			defaultConfigurationName = Release;
		};
/* End XCConfigurationList section */
	};
	rootObject = DE43A5DB2136E299000F178A /* Project object */;
}
